
Microsoft Visual Studio Solution File, Format Version 12.00
# Visual Studio 15
VisualStudioVersion = 15.0.27130.2027
MinimumVisualStudioVersion = 10.0.40219.1
Project("{2150E333-8FDC-42A3-9474-1A3956D46DE8}") = "AbstractFactory", "AbstractFactory", "{33166F67-0384-4F73-9152-BB6815CA0A10}"
EndProject
Project("{2150E333-8FDC-42A3-9474-1A3956D46DE8}") = "FactoryMethod", "FactoryMethod", "{96358A3C-B4DA-41DD-B898-D516C3A58D14}"
EndProject
Project("{2150E333-8FDC-42A3-9474-1A3956D46DE8}") = "Builder", "Builder", "{9031B81C-CDD1-4F27-916D-3555D8DD22F2}"
EndProject
Project("{2150E333-8FDC-42A3-9474-1A3956D46DE8}") = "DP.AbstractFactory.Sandbox", "DP.AbstractFactory.Sandbox", "{36D80606-08DD-4AE0-84F0-4774302EDA1C}"
EndProject
Project("{2150E333-8FDC-42A3-9474-1A3956D46DE8}") = "DP.Builder.Sandbox", "DP.Builder.Sandbox", "{C29A1BBF-6015-427F-941F-5C6D616D62CE}"
EndProject
Project("{FAE04EC0-301F-11D3-BF4B-00C04F79EFBC}") = "Sandbox", "AbstractFactory\DP.AbstractFactory.Sandbox\Sandbox\Sandbox.csproj", "{4794CC41-CB47-414C-BB36-5B9933CA4C64}"
EndProject
Project("{FAE04EC0-301F-11D3-BF4B-00C04F79EFBC}") = "Sandbox.Contracts", "AbstractFactory\DP.AbstractFactory.Sandbox\Sanbox.Contracts\Sandbox.Contracts.csproj", "{62A610CF-79BB-44EF-B46D-63C47F5EF1BC}"
EndProject
Project("{FAE04EC0-301F-11D3-BF4B-00C04F79EFBC}") = "Sandbox.Contracts", "Builder\DP.Builder.Sandbox\Sandbox.Contracts\Sandbox.Contracts.csproj", "{2188B98C-1E3C-431C-932C-A849D26810C8}"
EndProject
Project("{FAE04EC0-301F-11D3-BF4B-00C04F79EFBC}") = "Sandbox", "Builder\DP.Builder.Sandbox\Sandbox\Sandbox.csproj", "{191A0CCA-1616-448C-AF46-FB0A7FF7FAF7}"
EndProject
Project("{2150E333-8FDC-42A3-9474-1A3956D46DE8}") = "DP.FactoryMethod.Sandbox", "DP.FactoryMethod.Sandbox", "{444B21E6-17F6-4BFF-9B99-ED43340A2DBF}"
EndProject
Project("{FAE04EC0-301F-11D3-BF4B-00C04F79EFBC}") = "Sandbox", "FactoryMethod\DP.FactoryMethod.Sandbox\Sandbox\Sandbox.csproj", "{606E21F1-E502-4641-AFF8-6E0BF02C1B89}"
EndProject
Project("{FAE04EC0-301F-11D3-BF4B-00C04F79EFBC}") = "Sandbox.Contracts", "FactoryMethod\DP.FactoryMethod.Sandbox\Sandbox.Contracts\Sandbox.Contracts.csproj", "{B9338277-BEFE-42C7-8280-5954F1FE8D3F}"
EndProject
Project("{FAE04EC0-301F-11D3-BF4B-00C04F79EFBC}") = "CarPartsFactories", "AbstractFactory\CarPartsFactories\CarPartsFactories.csproj", "{525ED73E-952F-4222-A6FA-C7EECEA349B6}"
EndProject
Project("{FAE04EC0-301F-11D3-BF4B-00C04F79EFBC}") = "CarBuilders", "Builder\CarBuilders\CarBuilders.csproj", "{5C9C9C9A-FF22-4927-A739-C71FD94D2F9D}"
EndProject
Project("{FAE04EC0-301F-11D3-BF4B-00C04F79EFBC}") = "CarFactories", "FactoryMethod\CarFactories\CarFactories.csproj", "{09464892-3B87-43F8-8907-D3E49CC71E76}"
EndProject
Global
	GlobalSection(SolutionConfigurationPlatforms) = preSolution
		Debug|Any CPU = Debug|Any CPU
		Release|Any CPU = Release|Any CPU
	EndGlobalSection
	GlobalSection(ProjectConfigurationPlatforms) = postSolution
		{4794CC41-CB47-414C-BB36-5B9933CA4C64}.Debug|Any CPU.ActiveCfg = Debug|Any CPU
		{4794CC41-CB47-414C-BB36-5B9933CA4C64}.Debug|Any CPU.Build.0 = Debug|Any CPU
		{4794CC41-CB47-414C-BB36-5B9933CA4C64}.Release|Any CPU.ActiveCfg = Release|Any CPU
		{4794CC41-CB47-414C-BB36-5B9933CA4C64}.Release|Any CPU.Build.0 = Release|Any CPU
		{62A610CF-79BB-44EF-B46D-63C47F5EF1BC}.Debug|Any CPU.ActiveCfg = Debug|Any CPU
		{62A610CF-79BB-44EF-B46D-63C47F5EF1BC}.Debug|Any CPU.Build.0 = Debug|Any CPU
		{62A610CF-79BB-44EF-B46D-63C47F5EF1BC}.Release|Any CPU.ActiveCfg = Release|Any CPU
		{62A610CF-79BB-44EF-B46D-63C47F5EF1BC}.Release|Any CPU.Build.0 = Release|Any CPU
		{2188B98C-1E3C-431C-932C-A849D26810C8}.Debug|Any CPU.ActiveCfg = Debug|Any CPU
		{2188B98C-1E3C-431C-932C-A849D26810C8}.Debug|Any CPU.Build.0 = Debug|Any CPU
		{2188B98C-1E3C-431C-932C-A849D26810C8}.Release|Any CPU.ActiveCfg = Release|Any CPU
		{2188B98C-1E3C-431C-932C-A849D26810C8}.Release|Any CPU.Build.0 = Release|Any CPU
		{191A0CCA-1616-448C-AF46-FB0A7FF7FAF7}.Debug|Any CPU.ActiveCfg = Debug|Any CPU
		{191A0CCA-1616-448C-AF46-FB0A7FF7FAF7}.Debug|Any CPU.Build.0 = Debug|Any CPU
		{191A0CCA-1616-448C-AF46-FB0A7FF7FAF7}.Release|Any CPU.ActiveCfg = Release|Any CPU
		{191A0CCA-1616-448C-AF46-FB0A7FF7FAF7}.Release|Any CPU.Build.0 = Release|Any CPU
		{606E21F1-E502-4641-AFF8-6E0BF02C1B89}.Debug|Any CPU.ActiveCfg = Debug|Any CPU
		{606E21F1-E502-4641-AFF8-6E0BF02C1B89}.Debug|Any CPU.Build.0 = Debug|Any CPU
		{606E21F1-E502-4641-AFF8-6E0BF02C1B89}.Release|Any CPU.ActiveCfg = Release|Any CPU
		{606E21F1-E502-4641-AFF8-6E0BF02C1B89}.Release|Any CPU.Build.0 = Release|Any CPU
		{B9338277-BEFE-42C7-8280-5954F1FE8D3F}.Debug|Any CPU.ActiveCfg = Debug|Any CPU
		{B9338277-BEFE-42C7-8280-5954F1FE8D3F}.Debug|Any CPU.Build.0 = Debug|Any CPU
		{B9338277-BEFE-42C7-8280-5954F1FE8D3F}.Release|Any CPU.ActiveCfg = Release|Any CPU
		{B9338277-BEFE-42C7-8280-5954F1FE8D3F}.Release|Any CPU.Build.0 = Release|Any CPU
		{525ED73E-952F-4222-A6FA-C7EECEA349B6}.Debug|Any CPU.ActiveCfg = Debug|Any CPU
		{525ED73E-952F-4222-A6FA-C7EECEA349B6}.Debug|Any CPU.Build.0 = Debug|Any CPU
		{525ED73E-952F-4222-A6FA-C7EECEA349B6}.Release|Any CPU.ActiveCfg = Release|Any CPU
		{525ED73E-952F-4222-A6FA-C7EECEA349B6}.Release|Any CPU.Build.0 = Release|Any CPU
		{5C9C9C9A-FF22-4927-A739-C71FD94D2F9D}.Debug|Any CPU.ActiveCfg = Debug|Any CPU
		{5C9C9C9A-FF22-4927-A739-C71FD94D2F9D}.Debug|Any CPU.Build.0 = Debug|Any CPU
		{5C9C9C9A-FF22-4927-A739-C71FD94D2F9D}.Release|Any CPU.ActiveCfg = Release|Any CPU
		{5C9C9C9A-FF22-4927-A739-C71FD94D2F9D}.Release|Any CPU.Build.0 = Release|Any CPU
		{09464892-3B87-43F8-8907-D3E49CC71E76}.Debug|Any CPU.ActiveCfg = Debug|Any CPU
		{09464892-3B87-43F8-8907-D3E49CC71E76}.Debug|Any CPU.Build.0 = Debug|Any CPU
		{09464892-3B87-43F8-8907-D3E49CC71E76}.Release|Any CPU.ActiveCfg = Release|Any CPU
		{09464892-3B87-43F8-8907-D3E49CC71E76}.Release|Any CPU.Build.0 = Release|Any CPU
	EndGlobalSection
	GlobalSection(SolutionProperties) = preSolution
		HideSolutionNode = FALSE
	EndGlobalSection
	GlobalSection(NestedProjects) = preSolution
		{36D80606-08DD-4AE0-84F0-4774302EDA1C} = {33166F67-0384-4F73-9152-BB6815CA0A10}
		{C29A1BBF-6015-427F-941F-5C6D616D62CE} = {9031B81C-CDD1-4F27-916D-3555D8DD22F2}
		{4794CC41-CB47-414C-BB36-5B9933CA4C64} = {36D80606-08DD-4AE0-84F0-4774302EDA1C}
		{62A610CF-79BB-44EF-B46D-63C47F5EF1BC} = {36D80606-08DD-4AE0-84F0-4774302EDA1C}
		{2188B98C-1E3C-431C-932C-A849D26810C8} = {C29A1BBF-6015-427F-941F-5C6D616D62CE}
		{191A0CCA-1616-448C-AF46-FB0A7FF7FAF7} = {C29A1BBF-6015-427F-941F-5C6D616D62CE}
		{444B21E6-17F6-4BFF-9B99-ED43340A2DBF} = {96358A3C-B4DA-41DD-B898-D516C3A58D14}
		{606E21F1-E502-4641-AFF8-6E0BF02C1B89} = {444B21E6-17F6-4BFF-9B99-ED43340A2DBF}
		{B9338277-BEFE-42C7-8280-5954F1FE8D3F} = {444B21E6-17F6-4BFF-9B99-ED43340A2DBF}
		{525ED73E-952F-4222-A6FA-C7EECEA349B6} = {33166F67-0384-4F73-9152-BB6815CA0A10}
		{5C9C9C9A-FF22-4927-A739-C71FD94D2F9D} = {9031B81C-CDD1-4F27-916D-3555D8DD22F2}
		{09464892-3B87-43F8-8907-D3E49CC71E76} = {96358A3C-B4DA-41DD-B898-D516C3A58D14}
	EndGlobalSection
	GlobalSection(ExtensibilityGlobals) = postSolution
		SolutionGuid = {45B7B3F3-FB9A-42BE-A56B-66024ABB417A}
	EndGlobalSection
EndGlobal
